{
    "_readme": [
        "This file locks the dependencies of your project to a known state",
        "Read more about it at https://getcomposer.org/doc/01-basic-usage.md#installing-dependencies",
        "This file is @generated automatically"
    ],
    "content-hash": "9f7af85d8f655ac5c534e5414934c628",
    "packages": [
        {
            "name": "bo4e/schemas",
            "version": "0.1",
            "source": {
                "type": "git",
                "url": "https://github.com/Hochfrequenz/BO4E-Schemas.git",
                "reference": "main"
            },
            "type": "library",
            "extra": {
                "asset-root": ""
            }
        }
    ],
    "packages-dev": [],
    "aliases": [],
    "minimum-stability": "stable",
    "stability-flags": [],
    "prefer-stable": false,
    "prefer-lowest": false,
    "platform": {
        "php": ">=8.1"
    },
    "platform-dev": [],
    "plugin-api-version": "2.6.0"
}
